
Microsoft Visual Studio Solution File, Format Version 12.00
# Visual Studio 14
VisualStudioVersion = 14.0.23107.0
MinimumVisualStudioVersion = 10.0.40219.1
Project("{FAE04EC0-301F-11D3-BF4B-00C04F79EFBC}") = "rvmatforge", "rvmatforge.csproj", "{0F2E6BEE-7DCB-4F55-9883-FD164195FA58}"
EndProject
Project("{FAE04EC0-301F-11D3-BF4B-00C04F79EFBC}") = "rvmatforge.test", "rvmatforge.test\rvmatforge.test.csproj", "{4B51FBF0-112B-48E8-9B6A-8544D297DFB7}"
EndProject
Global
	GlobalSection(SolutionConfigurationPlatforms) = preSolution
		Debug|Any CPU = Debug|Any CPU
		Release|Any CPU = Release|Any CPU
	EndGlobalSection
	GlobalSection(ProjectConfigurationPlatforms) = postSolution
		{0F2E6BEE-7DCB-4F55-9883-FD164195FA58}.Debug|Any CPU.ActiveCfg = Debug|Any CPU
		{0F2E6BEE-7DCB-4F55-9883-FD164195FA58}.Debug|Any CPU.Build.0 = Debug|Any CPU
		{0F2E6BEE-7DCB-4F55-9883-FD164195FA58}.Release|Any CPU.ActiveCfg = Release|Any CPU
		{0F2E6BEE-7DCB-4F55-9883-FD164195FA58}.Release|Any CPU.Build.0 = Release|Any CPU
		{4B51FBF0-112B-48E8-9B6A-8544D297DFB7}.Debug|Any CPU.ActiveCfg = Debug|Any CPU
		{4B51FBF0-112B-48E8-9B6A-8544D297DFB7}.Debug|Any CPU.Build.0 = Debug|Any CPU
		{4B51FBF0-112B-48E8-9B6A-8544D297DFB7}.Release|Any CPU.ActiveCfg = Release|Any CPU
		{4B51FBF0-112B-48E8-9B6A-8544D297DFB7}.Release|Any CPU.Build.0 = Release|Any CPU
	EndGlobalSection
	GlobalSection(SolutionProperties) = preSolution
		HideSolutionNode = FALSE
	EndGlobalSection
EndGlobal
